// !$*UTF8*$!
{
	archiveVersion = 1;
	classes = {
	};
	objectVersion = 77;
	objects = {

/* Begin PBXBuildFile section */
		751C46DB2E3DE6DF00D70746 /* LookinServer in Frameworks */ = {isa = PBXBuildFile; productRef = 751C46DA2E3DE6DF00D70746 /* LookinServer */; };
		751C46E02E3DF6DE00D70746 /* RxCocoa in Frameworks */ = {isa = PBXBuildFile; productRef = 751C46DF2E3DF6DE00D70746 /* RxCocoa */; };
		751C46E22E3DF6DE00D70746 /* RxRelay in Frameworks */ = {isa = PBXBuildFile; productRef = 751C46E12E3DF6DE00D70746 /* RxRelay */; };
		751C46E42E3DF6DE00D70746 /* RxSwift in Frameworks */ = {isa = PBXBuildFile; productRef = 751C46E32E3DF6DE00D70746 /* RxSwift */; };
		75E221292E23999100080D8D /* SnapKit in Frameworks */ = {isa = PBXBuildFile; productRef = 75E221282E23999100080D8D /* SnapKit */; };
/* End PBXBuildFile section */

/* Begin PBXContainerItemProxy section */
		75E220F82E23975900080D8D /* PBXContainerItemProxy */ = {
			isa = PBXContainerItemProxy;
			containerPortal = 75E220D92E23975700080D8D /* Project object */;
			proxyType = 1;
			remoteGlobalIDString = 75E220E02E23975700080D8D;
			remoteInfo = attandanceApp;
		};
		75E221022E23975900080D8D /* PBXContainerItemProxy */ = {
			isa = PBXContainerItemProxy;
			containerPortal = 75E220D92E23975700080D8D /* Project object */;
			proxyType = 1;
			remoteGlobalIDString = 75E220E02E23975700080D8D;
			remoteInfo = attandanceApp;
		};
/* End PBXContainerItemProxy section */

/* Begin PBXFileReference section */
		75E220E12E23975700080D8D /* attandanceApp.app */ = {isa = PBXFileReference; explicitFileType = wrapper.application; includeInIndex = 0; path = attandanceApp.app; sourceTree = BUILT_PRODUCTS_DIR; };
		75E220F72E23975900080D8D /* attandanceAppTests.xctest */ = {isa = PBXFileReference; explicitFileType = wrapper.cfbundle; includeInIndex = 0; path = attandanceAppTests.xctest; sourceTree = BUILT_PRODUCTS_DIR; };
		75E221012E23975900080D8D /* attandanceAppUITests.xctest */ = {isa = PBXFileReference; explicitFileType = wrapper.cfbundle; includeInIndex = 0; path = attandanceAppUITests.xctest; sourceTree = BUILT_PRODUCTS_DIR; };
/* End PBXFileReference section */

/* Begin PBXFileSystemSynchronizedBuildFileExceptionSet section */
		75E221092E23975900080D8D /* Exceptions for "attandanceApp" folder in "attandanceApp" target */ = {
			isa = PBXFileSystemSynchronizedBuildFileExceptionSet;
			membershipExceptions = (
				Info.plist,
			);
			target = 75E220E02E23975700080D8D /* attandanceApp */;
		};
/* End PBXFileSystemSynchronizedBuildFileExceptionSet section */

/* Begin PBXFileSystemSynchronizedRootGroup section */
		75E220E32E23975700080D8D /* attandanceApp */ = {
			isa = PBXFileSystemSynchronizedRootGroup;
			exceptions = (
				75E221092E23975900080D8D /* Exceptions for "attandanceApp" folder in "attandanceApp" target */,
			);
			path = attandanceApp;
			sourceTree = "<group>";
		};
		75E220FA2E23975900080D8D /* attandanceAppTests */ = {
			isa = PBXFileSystemSynchronizedRootGroup;
			path = attandanceAppTests;
			sourceTree = "<group>";
		};
		75E221042E23975900080D8D /* attandanceAppUITests */ = {
			isa = PBXFileSystemSynchronizedRootGroup;
			path = attandanceAppUITests;
			sourceTree = "<group>";
		};
/* End PBXFileSystemSynchronizedRootGroup section */

/* Begin PBXFrameworksBuildPhase section */
		75E220DE2E23975700080D8D /* Frameworks */ = {
			isa = PBXFrameworksBuildPhase;
			buildActionMask = 2147483647;
			files = (
				751C46E02E3DF6DE00D70746 /* RxCocoa in Frameworks */,
				75E221292E23999100080D8D /* SnapKit in Frameworks */,
				751C46E42E3DF6DE00D70746 /* RxSwift in Frameworks */,
				751C46E22E3DF6DE00D70746 /* RxRelay in Frameworks */,
				751C46DB2E3DE6DF00D70746 /* LookinServer in Frameworks */,
			);
			runOnlyForDeploymentPostprocessing = 0;
		};
		75E220F42E23975900080D8D /* Frameworks */ = {
			isa = PBXFrameworksBuildPhase;
			buildActionMask = 2147483647;
			files = (
			);
			runOnlyForDeploymentPostprocessing = 0;
		};
		75E220FE2E23975900080D8D /* Frameworks */ = {
			isa = PBXFrameworksBuildPhase;
			buildActionMask = 2147483647;
			files = (
			);
			runOnlyForDeploymentPostprocessing = 0;
		};
/* End PBXFrameworksBuildPhase section */

/* Begin PBXGroup section */
		75E220D82E23975700080D8D = {
			isa = PBXGroup;
			children = (
				75E220E32E23975700080D8D /* attandanceApp */,
				75E220FA2E23975900080D8D /* attandanceAppTests */,
				75E221042E23975900080D8D /* attandanceAppUITests */,
				75E220E22E23975700080D8D /* Products */,
			);
			sourceTree = "<group>";
		};
		75E220E22E23975700080D8D /* Products */ = {
			isa = PBXGroup;
			children = (
				75E220E12E23975700080D8D /* attandanceApp.app */,
				75E220F72E23975900080D8D /* attandanceAppTests.xctest */,
				75E221012E23975900080D8D /* attandanceAppUITests.xctest */,
			);
			name = Products;
			sourceTree = "<group>";
		};
/* End PBXGroup section */

/* Begin PBXNativeTarget section */
		75E220E02E23975700080D8D /* attandanceApp */ = {
			isa = PBXNativeTarget;
			buildConfigurationList = 75E2210A2E23975900080D8D /* Build configuration list for PBXNativeTarget "attandanceApp" */;
			buildPhases = (
				75E220DD2E23975700080D8D /* Sources */,
				75E220DE2E23975700080D8D /* Frameworks */,
				75E220DF2E23975700080D8D /* Resources */,
			);
			buildRules = (
			);
			dependencies = (
			);
			fileSystemSynchronizedGroups = (
				75E220E32E23975700080D8D /* attandanceApp */,
			);
			name = attandanceApp;
			packageProductDependencies = (
				75E221282E23999100080D8D /* SnapKit */,
				751C46DA2E3DE6DF00D70746 /* LookinServer */,
				751C46DF2E3DF6DE00D70746 /* RxCocoa */,
				751C46E12E3DF6DE00D70746 /* RxRelay */,
				751C46E32E3DF6DE00D70746 /* RxSwift */,
			);
			productName = attandanceApp;
			productReference = 75E220E12E23975700080D8D /* attandanceApp.app */;
			productType = "com.apple.product-type.application";
		};
		75E220F62E23975900080D8D /* attandanceAppTests */ = {
			isa = PBXNativeTarget;
			buildConfigurationList = 75E2210F2E23975900080D8D /* Build configuration list for PBXNativeTarget "attandanceAppTests" */;
			buildPhases = (
				75E220F32E23975900080D8D /* Sources */,
				75E220F42E23975900080D8D /* Frameworks */,
				75E220F52E23975900080D8D /* Resources */,
			);
			buildRules = (
			);
			dependencies = (
				75E220F92E23975900080D8D /* PBXTargetDependency */,
			);
			fileSystemSynchronizedGroups = (
				75E220FA2E23975900080D8D /* attandanceAppTests */,
			);
			name = attandanceAppTests;
			packageProductDependencies = (
			);
			productName = attandanceAppTests;
			productReference = 75E220F72E23975900080D8D /* attandanceAppTests.xctest */;
			productType = "com.apple.product-type.bundle.unit-test";
		};
		75E221002E23975900080D8D /* attandanceAppUITests */ = {
			isa = PBXNativeTarget;
			buildConfigurationList = 75E221122E23975900080D8D /* Build configuration list for PBXNativeTarget "attandanceAppUITests" */;
			buildPhases = (
				75E220FD2E23975900080D8D /* Sources */,
				75E220FE2E23975900080D8D /* Frameworks */,
				75E220FF2E23975900080D8D /* Resources */,
			);
			buildRules = (
			);
			dependencies = (
				75E221032E23975900080D8D /* PBXTargetDependency */,
			);
			fileSystemSynchronizedGroups = (
				75E221042E23975900080D8D /* attandanceAppUITests */,
			);
			name = attandanceAppUITests;
			packageProductDependencies = (
			);
			productName = attandanceAppUITests;
			productReference = 75E221012E23975900080D8D /* attandanceAppUITests.xctest */;
			productType = "com.apple.product-type.bundle.ui-testing";
		};
/* End PBXNativeTarget section */

/* Begin PBXProject section */
		75E220D92E23975700080D8D /* Project object */ = {
			isa = PBXProject;
			attributes = {
				BuildIndependentTargetsInParallel = 1;
				LastSwiftUpdateCheck = 1600;
				LastUpgradeCheck = 1600;
				TargetAttributes = {
					75E220E02E23975700080D8D = {
						CreatedOnToolsVersion = 16.0;
					};
					75E220F62E23975900080D8D = {
						CreatedOnToolsVersion = 16.0;
						TestTargetID = 75E220E02E23975700080D8D;
					};
					75E221002E23975900080D8D = {
						CreatedOnToolsVersion = 16.0;
						TestTargetID = 75E220E02E23975700080D8D;
					};
				};
			};
			buildConfigurationList = 75E220DC2E23975700080D8D /* Build configuration list for PBXProject "attandanceApp" */;
			developmentRegion = en;
			hasScannedForEncodings = 0;
			knownRegions = (
				en,
				Base,
			);
			mainGroup = 75E220D82E23975700080D8D;
			minimizedProjectReferenceProxies = 1;
			packageReferences = (
				75E221272E23999100080D8D /* XCRemoteSwiftPackageReference "SnapKit" */,
				751C46D92E3DE6DF00D70746 /* XCRemoteSwiftPackageReference "LookinServer" */,
				751C46DE2E3DF6DE00D70746 /* XCRemoteSwiftPackageReference "RxSwift" */,
			);
			preferredProjectObjectVersion = 77;
			productRefGroup = 75E220E22E23975700080D8D /* Products */;
			projectDirPath = "";
			projectRoot = "";
			targets = (
				75E220E02E23975700080D8D /* attandanceApp */,
				75E220F62E23975900080D8D /* attandanceAppTests */,
				75E221002E23975900080D8D /* attandanceAppUITests */,
			);
		};
/* End PBXProject section */

/* Begin PBXResourcesBuildPhase section */
		75E220DF2E23975700080D8D /* Resources */ = {
			isa = PBXResourcesBuildPhase;
			buildActionMask = 2147483647;
			files = (
			);
			runOnlyForDeploymentPostprocessing = 0;
		};
		75E220F52E23975900080D8D /* Resources */ = {
			isa = PBXResourcesBuildPhase;
			buildActionMask = 2147483647;
			files = (
			);
			runOnlyForDeploymentPostprocessing = 0;
		};
		75E220FF2E23975900080D8D /* Resources */ = {
			isa = PBXResourcesBuildPhase;
			buildActionMask = 2147483647;
			files = (
			);
			runOnlyForDeploymentPostprocessing = 0;
		};
/* End PBXResourcesBuildPhase section */

/* Begin PBXSourcesBuildPhase section */
		75E220DD2E23975700080D8D /* Sources */ = {
			isa = PBXSourcesBuildPhase;
			buildActionMask = 2147483647;
			files = (
			);
			runOnlyForDeploymentPostprocessing = 0;
		};
		75E220F32E23975900080D8D /* Sources */ = {
			isa = PBXSourcesBuildPhase;
			buildActionMask = 2147483647;
			files = (
			);
			runOnlyForDeploymentPostprocessing = 0;
		};
		75E220FD2E23975900080D8D /* Sources */ = {
			isa = PBXSourcesBuildPhase;
			buildActionMask = 2147483647;
			files = (
			);
			runOnlyForDeploymentPostprocessing = 0;
		};
/* End PBXSourcesBuildPhase section */

/* Begin PBXTargetDependency section */
		75E220F92E23975900080D8D /* PBXTargetDependency */ = {
			isa = PBXTargetDependency;
			target = 75E220E02E23975700080D8D /* attandanceApp */;
			targetProxy = 75E220F82E23975900080D8D /* PBXContainerItemProxy */;
		};
		75E221032E23975900080D8D /* PBXTargetDependency */ = {
			isa = PBXTargetDependency;
			target = 75E220E02E23975700080D8D /* attandanceApp */;
			targetProxy = 75E221022E23975900080D8D /* PBXContainerItemProxy */;
		};
/* End PBXTargetDependency section */

/* Begin XCBuildConfiguration section */
		75E2210B2E23975900080D8D /* Debug */ = {
			isa = XCBuildConfiguration;
			buildSettings = {
				ASSETCATALOG_COMPILER_APPICON_NAME = AppIcon;
				ASSETCATALOG_COMPILER_GLOBAL_ACCENT_COLOR_NAME = AccentColor;
				CODE_SIGN_STYLE = Automatic;
				CURRENT_PROJECT_VERSION = 1;
				DEVELOPMENT_TEAM = 7N2TRX73U6;
				GENERATE_INFOPLIST_FILE = YES;
				INFOPLIST_FILE = attandanceApp/Info.plist;
				INFOPLIST_KEY_UIApplicationSupportsIndirectInputEvents = YES;
				INFOPLIST_KEY_UILaunchStoryboardName = LaunchScreen;
				INFOPLIST_KEY_UISupportedInterfaceOrientations_iPad = "UIInterfaceOrientationPortrait UIInterfaceOrientationPortraitUpsideDown UIInterfaceOrientationLandscapeLeft UIInterfaceOrientationLandscapeRight";
				INFOPLIST_KEY_UISupportedInterfaceOrientations_iPhone = "UIInterfaceOrientationPortrait UIInterfaceOrientationLandscapeLeft UIInterfaceOrientationLandscapeRight";
				LD_RUNPATH_SEARCH_PATHS = (
					"$(inherited)",
					"@executable_path/Frameworks",
				);
				MARKETING_VERSION = 1.0;
				PRODUCT_BUNDLE_IDENTIFIER = com.calmkeen.attandanceApp;
				PRODUCT_NAME = "$(TARGET_NAME)";
				SWIFT_EMIT_LOC_STRINGS = YES;
				SWIFT_VERSION = 5.0;
				TARGETED_DEVICE_FAMILY = "1,2";
			};
			name = Debug;
		};
		75E2210C2E23975900080D8D /* Release */ = {
			isa = XCBuildConfiguration;
			buildSettings = {
				ASSETCATALOG_COMPILER_APPICON_NAME = AppIcon;
				ASSETCATALOG_COMPILER_GLOBAL_ACCENT_COLOR_NAME = AccentColor;
				CODE_SIGN_STYLE = Automatic;
				CURRENT_PROJECT_VERSION = 1;
				DEVELOPMENT_TEAM = 7N2TRX73U6;
				GENERATE_INFOPLIST_FILE = YES;
				INFOPLIST_FILE = attandanceApp/Info.plist;
				INFOPLIST_KEY_UIApplicationSupportsIndirectInputEvents = YES;
				INFOPLIST_KEY_UILaunchStoryboardName = LaunchScreen;
				INFOPLIST_KEY_UISupportedInterfaceOrientations_iPad = "UIInterfaceOrientationPortrait UIInterfaceOrientationPortraitUpsideDown UIInterfaceOrientationLandscapeLeft UIInterfaceOrientationLandscapeRight";
				INFOPLIST_KEY_UISupportedInterfaceOrientations_iPhone = "UIInterfaceOrientationPortrait UIInterfaceOrientationLandscapeLeft UIInterfaceOrientationLandscapeRight";
				LD_RUNPATH_SEARCH_PATHS = (
					"$(inherited)",
					"@executable_path/Frameworks",
				);
				MARKETING_VERSION = 1.0;
				PRODUCT_BUNDLE_IDENTIFIER = com.calmkeen.attandanceApp;
				PRODUCT_NAME = "$(TARGET_NAME)";
				SWIFT_EMIT_LOC_STRINGS = YES;
				SWIFT_VERSION = 5.0;
				TARGETED_DEVICE_FAMILY = "1,2";
			};
			name = Release;
		};
		75E2210D2E23975900080D8D /* Debug */ = {
			isa = XCBuildConfiguration;
			buildSettings = {
				ALWAYS_SEARCH_USER_PATHS = NO;
				ASSETCATALOG_COMPILER_GENERATE_SWIFT_ASSET_SYMBOL_EXTENSIONS = YES;
				CLANG_ANALYZER_NONNULL = YES;
				CLANG_ANALYZER_NUMBER_OBJECT_CONVERSION = YES_AGGRESSIVE;
				CLANG_CXX_LANGUAGE_STANDARD = "gnu++20";
				CLANG_ENABLE_MODULES = YES;
				CLANG_ENABLE_OBJC_ARC = YES;
				CLANG_ENABLE_OBJC_WEAK = YES;
				CLANG_WARN_BLOCK_CAPTURE_AUTORELEASING = YES;
				CLANG_WARN_BOOL_CONVERSION = YES;
				CLANG_WARN_COMMA = YES;
				CLANG_WARN_CONSTANT_CONVERSION = YES;
				CLANG_WARN_DEPRECATED_OBJC_IMPLEMENTATIONS = YES;
				CLANG_WARN_DIRECT_OBJC_ISA_USAGE = YES_ERROR;
				CLANG_WARN_DOCUMENTATION_COMMENTS = YES;
				CLANG_WARN_EMPTY_BODY = YES;
				CLANG_WARN_ENUM_CONVERSION = YES;
				CLANG_WARN_INFINITE_RECURSION = YES;
				CLANG_WARN_INT_CONVERSION = YES;
				CLANG_WARN_NON_LITERAL_NULL_CONVERSION = YES;
				CLANG_WARN_OBJC_IMPLICIT_RETAIN_SELF = YES;
				CLANG_WARN_OBJC_LITERAL_CONVERSION = YES;
				CLANG_WARN_OBJC_ROOT_CLASS = YES_ERROR;
				CLANG_WARN_QUOTED_INCLUDE_IN_FRAMEWORK_HEADER = YES;
				CLANG_WARN_RANGE_LOOP_ANALYSIS = YES;
				CLANG_WARN_STRICT_PROTOTYPES = YES;
				CLANG_WARN_SUSPICIOUS_MOVE = YES;
				CLANG_WARN_UNGUARDED_AVAILABILITY = YES_AGGRESSIVE;
				CLANG_WARN_UNREACHABLE_CODE = YES;
				CLANG_WARN__DUPLICATE_METHOD_MATCH = YES;
				COPY_PHASE_STRIP = NO;
				DEBUG_INFORMATION_FORMAT = dwarf;
				ENABLE_STRICT_OBJC_MSGSEND = YES;
				ENABLE_TESTABILITY = YES;
				ENABLE_USER_SCRIPT_SANDBOXING = YES;
				GCC_C_LANGUAGE_STANDARD = gnu17;
				GCC_DYNAMIC_NO_PIC = NO;
				GCC_NO_COMMON_BLOCKS = YES;
				GCC_OPTIMIZATION_LEVEL = 0;
				GCC_PREPROCESSOR_DEFINITIONS = (
					"DEBUG=1",
					"$(inherited)",
				);
				GCC_WARN_64_TO_32_BIT_CONVERSION = YES;
				GCC_WARN_ABOUT_RETURN_TYPE = YES_ERROR;
				GCC_WARN_UNDECLARED_SELECTOR = YES;
				GCC_WARN_UNINITIALIZED_AUTOS = YES_AGGRESSIVE;
				GCC_WARN_UNUSED_FUNCTION = YES;
				GCC_WARN_UNUSED_VARIABLE = YES;
				IPHONEOS_DEPLOYMENT_TARGET = 18.0;
				LOCALIZATION_PREFERS_STRING_CATALOGS = YES;
				MTL_ENABLE_DEBUG_INFO = INCLUDE_SOURCE;
				MTL_FAST_MATH = YES;
				ONLY_ACTIVE_ARCH = YES;
				SDKROOT = iphoneos;
				SWIFT_ACTIVE_COMPILATION_CONDITIONS = "DEBUG $(inherited)";
				SWIFT_OPTIMIZATION_LEVEL = "-Onone";
			};
			name = Debug;
		};
		75E2210E2E23975900080D8D /* Release */ = {
			isa = XCBuildConfiguration;
			buildSettings = {
				ALWAYS_SEARCH_USER_PATHS = NO;
				ASSETCATALOG_COMPILER_GENERATE_SWIFT_ASSET_SYMBOL_EXTENSIONS = YES;
				CLANG_ANALYZER_NONNULL = YES;
				CLANG_ANALYZER_NUMBER_OBJECT_CONVERSION = YES_AGGRESSIVE;
				CLANG_CXX_LANGUAGE_STANDARD = "gnu++20";
				CLANG_ENABLE_MODULES = YES;
				CLANG_ENABLE_OBJC_ARC = YES;
				CLANG_ENABLE_OBJC_WEAK = YES;
				CLANG_WARN_BLOCK_CAPTURE_AUTORELEASING = YES;
				CLANG_WARN_BOOL_CONVERSION = YES;
				CLANG_WARN_COMMA = YES;
				CLANG_WARN_CONSTANT_CONVERSION = YES;
				CLANG_WARN_DEPRECATED_OBJC_IMPLEMENTATIONS = YES;
				CLANG_WARN_DIRECT_OBJC_ISA_USAGE = YES_ERROR;
				CLANG_WARN_DOCUMENTATION_COMMENTS = YES;
				CLANG_WARN_EMPTY_BODY = YES;
				CLANG_WARN_ENUM_CONVERSION = YES;
				CLANG_WARN_INFINITE_RECURSION = YES;
				CLANG_WARN_INT_CONVERSION = YES;
				CLANG_WARN_NON_LITERAL_NULL_CONVERSION = YES;
				CLANG_WARN_OBJC_IMPLICIT_RETAIN_SELF = YES;
				CLANG_WARN_OBJC_LITERAL_CONVERSION = YES;
				CLANG_WARN_OBJC_ROOT_CLASS = YES_ERROR;
				CLANG_WARN_QUOTED_INCLUDE_IN_FRAMEWORK_HEADER = YES;
				CLANG_WARN_RANGE_LOOP_ANALYSIS = YES;
				CLANG_WARN_STRICT_PROTOTYPES = YES;
				CLANG_WARN_SUSPICIOUS_MOVE = YES;
				CLANG_WARN_UNGUARDED_AVAILABILITY = YES_AGGRESSIVE;
				CLANG_WARN_UNREACHABLE_CODE = YES;
				CLANG_WARN__DUPLICATE_METHOD_MATCH = YES;
				COPY_PHASE_STRIP = NO;
				DEBUG_INFORMATION_FORMAT = "dwarf-with-dsym";
				ENABLE_NS_ASSERTIONS = NO;
				ENABLE_STRICT_OBJC_MSGSEND = YES;
				ENABLE_USER_SCRIPT_SANDBOXING = YES;
				GCC_C_LANGUAGE_STANDARD = gnu17;
				GCC_NO_COMMON_BLOCKS = YES;
				GCC_WARN_64_TO_32_BIT_CONVERSION = YES;
				GCC_WARN_ABOUT_RETURN_TYPE = YES_ERROR;
				GCC_WARN_UNDECLARED_SELECTOR = YES;
				GCC_WARN_UNINITIALIZED_AUTOS = YES_AGGRESSIVE;
				GCC_WARN_UNUSED_FUNCTION = YES;
				GCC_WARN_UNUSED_VARIABLE = YES;
				IPHONEOS_DEPLOYMENT_TARGET = 18.0;
				LOCALIZATION_PREFERS_STRING_CATALOGS = YES;
				MTL_ENABLE_DEBUG_INFO = NO;
				MTL_FAST_MATH = YES;
				SDKROOT = iphoneos;
				SWIFT_COMPILATION_MODE = wholemodule;
				VALIDATE_PRODUCT = YES;
			};
			name = Release;
		};
		75E221102E23975900080D8D /* Debug */ = {
			isa = XCBuildConfiguration;
			buildSettings = {
				BUNDLE_LOADER = "$(TEST_HOST)";
				CODE_SIGN_STYLE = Automatic;
				CURRENT_PROJECT_VERSION = 1;
				DEVELOPMENT_TEAM = 7N2TRX73U6;
				GENERATE_INFOPLIST_FILE = YES;
				IPHONEOS_DEPLOYMENT_TARGET = 18.0;
				MARKETING_VERSION = 1.0;
				PRODUCT_BUNDLE_IDENTIFIER = com.calmkeen.attandanceAppTests;
				PRODUCT_NAME = "$(TARGET_NAME)";
				SWIFT_EMIT_LOC_STRINGS = NO;
				SWIFT_VERSION = 5.0;
				TARGETED_DEVICE_FAMILY = "1,2";
				TEST_HOST = "$(BUILT_PRODUCTS_DIR)/attandanceApp.app/$(BUNDLE_EXECUTABLE_FOLDER_PATH)/attandanceApp";
			};
			name = Debug;
		};
		75E221112E23975900080D8D /* Release */ = {
			isa = XCBuildConfiguration;
			buildSettings = {
				BUNDLE_LOADER = "$(TEST_HOST)";
				CODE_SIGN_STYLE = Automatic;
				CURRENT_PROJECT_VERSION = 1;
				DEVELOPMENT_TEAM = 7N2TRX73U6;
				GENERATE_INFOPLIST_FILE = YES;
				IPHONEOS_DEPLOYMENT_TARGET = 18.0;
				MARKETING_VERSION = 1.0;
				PRODUCT_BUNDLE_IDENTIFIER = com.calmkeen.attandanceAppTests;
				PRODUCT_NAME = "$(TARGET_NAME)";
				SWIFT_EMIT_LOC_STRINGS = NO;
				SWIFT_VERSION = 5.0;
				TARGETED_DEVICE_FAMILY = "1,2";
				TEST_HOST = "$(BUILT_PRODUCTS_DIR)/attandanceApp.app/$(BUNDLE_EXECUTABLE_FOLDER_PATH)/attandanceApp";
			};
			name = Release;
		};
		75E221132E23975900080D8D /* Debug */ = {
			isa = XCBuildConfiguration;
			buildSettings = {
				CODE_SIGN_STYLE = Automatic;
				CURRENT_PROJECT_VERSION = 1;
				DEVELOPMENT_TEAM = 7N2TRX73U6;
				GENERATE_INFOPLIST_FILE = YES;
				MARKETING_VERSION = 1.0;
				PRODUCT_BUNDLE_IDENTIFIER = com.calmkeen.attandanceAppUITests;
				PRODUCT_NAME = "$(TARGET_NAME)";
				SWIFT_EMIT_LOC_STRINGS = NO;
				SWIFT_VERSION = 5.0;
				TARGETED_DEVICE_FAMILY = "1,2";
				TEST_TARGET_NAME = attandanceApp;
			};
			name = Debug;
		};
		75E221142E23975900080D8D /* Release */ = {
			isa = XCBuildConfiguration;
			buildSettings = {
				CODE_SIGN_STYLE = Automatic;
				CURRENT_PROJECT_VERSION = 1;
				DEVELOPMENT_TEAM = 7N2TRX73U6;
				GENERATE_INFOPLIST_FILE = YES;
				MARKETING_VERSION = 1.0;
				PRODUCT_BUNDLE_IDENTIFIER = com.calmkeen.attandanceAppUITests;
				PRODUCT_NAME = "$(TARGET_NAME)";
				SWIFT_EMIT_LOC_STRINGS = NO;
				SWIFT_VERSION = 5.0;
				TARGETED_DEVICE_FAMILY = "1,2";
				TEST_TARGET_NAME = attandanceApp;
			};
			name = Release;
		};
/* End XCBuildConfiguration section */

/* Begin XCConfigurationList section */
		75E220DC2E23975700080D8D /* Build configuration list for PBXProject "attandanceApp" */ = {
			isa = XCConfigurationList;
			buildConfigurations = (
				75E2210D2E23975900080D8D /* Debug */,
				75E2210E2E23975900080D8D /* Release */,
			);
			defaultConfigurationIsVisible = 0;
			defaultConfigurationName = Release;
		};
		75E2210A2E23975900080D8D /* Build configuration list for PBXNativeTarget "attandanceApp" */ = {
			isa = XCConfigurationList;
			buildConfigurations = (
				75E2210B2E23975900080D8D /* Debug */,
				75E2210C2E23975900080D8D /* Release */,
			);
			defaultConfigurationIsVisible = 0;
			defaultConfigurationName = Release;
		};
		75E2210F2E23975900080D8D /* Build configuration list for PBXNativeTarget "attandanceAppTests" */ = {
			isa = XCConfigurationList;
			buildConfigurations = (
				75E221102E23975900080D8D /* Debug */,
				75E221112E23975900080D8D /* Release */,
			);
			defaultConfigurationIsVisible = 0;
			defaultConfigurationName = Release;
		};
		75E221122E23975900080D8D /* Build configuration list for PBXNativeTarget "attandanceAppUITests" */ = {
			isa = XCConfigurationList;
			buildConfigurations = (
				75E221132E23975900080D8D /* Debug */,
				75E221142E23975900080D8D /* Release */,
			);
			defaultConfigurationIsVisible = 0;
			defaultConfigurationName = Release;
		};
/* End XCConfigurationList section */

/* Begin XCRemoteSwiftPackageReference section */
		751C46D92E3DE6DF00D70746 /* XCRemoteSwiftPackageReference "LookinServer" */ = {
			isa = XCRemoteSwiftPackageReference;
			repositoryURL = "https://github.com/QMUI/LookinServer/";
			requirement = {
				kind = upToNextMajorVersion;
				minimumVersion = 1.2.8;
			};
		};
		751C46DE2E3DF6DE00D70746 /* XCRemoteSwiftPackageReference "RxSwift" */ = {
			isa = XCRemoteSwiftPackageReference;
			repositoryURL = "https://github.com/ReactiveX/RxSwift.git";
			requirement = {
				kind = exactVersion;
				version = 6.9.0;
			};
		};
		75E221272E23999100080D8D /* XCRemoteSwiftPackageReference "SnapKit" */ = {
			isa = XCRemoteSwiftPackageReference;
			repositoryURL = "https://github.com/SnapKit/SnapKit.git";
			requirement = {
				kind = upToNextMajorVersion;
				minimumVersion = 5.7.1;
			};
		};
/* End XCRemoteSwiftPackageReference section */

/* Begin XCSwiftPackageProductDependency section */
		751C46DA2E3DE6DF00D70746 /* LookinServer */ = {
			isa = XCSwiftPackageProductDependency;
			package = 751C46D92E3DE6DF00D70746 /* XCRemoteSwiftPackageReference "LookinServer" */;
			productName = LookinServer;
		};
		751C46DF2E3DF6DE00D70746 /* RxCocoa */ = {
			isa = XCSwiftPackageProductDependency;
			package = 751C46DE2E3DF6DE00D70746 /* XCRemoteSwiftPackageReference "RxSwift" */;
			productName = RxCocoa;
		};
		751C46E12E3DF6DE00D70746 /* RxRelay */ = {
			isa = XCSwiftPackageProductDependency;
			package = 751C46DE2E3DF6DE00D70746 /* XCRemoteSwiftPackageReference "RxSwift" */;
			productName = RxRelay;
		};
		751C46E32E3DF6DE00D70746 /* RxSwift */ = {
			isa = XCSwiftPackageProductDependency;
			package = 751C46DE2E3DF6DE00D70746 /* XCRemoteSwiftPackageReference "RxSwift" */;
			productName = RxSwift;
		};
		75E221282E23999100080D8D /* SnapKit */ = {
			isa = XCSwiftPackageProductDependency;
			package = 75E221272E23999100080D8D /* XCRemoteSwiftPackageReference "SnapKit" */;
			productName = SnapKit;
		};
/* End XCSwiftPackageProductDependency section */
	};
	rootObject = 75E220D92E23975700080D8D /* Project object */;
}
